{
  "nodes": {
    "home-manager": {
      "inputs": {
        "nixpkgs": [
          "nixpkgs"
        ]
      },
      "locked": {
        "lastModified": 1788355065,
        "narHash": "sha256-gAz5oTI7ur34CfuakQduiQd/2ZhO62Bn2XXg08nZYYQ=",
        "owner": "nix-community",
        "repo": "home-manager",
        "rev": "d9d750e4fc11c10cab2da677bdd31e427f3a3a71",
        "type": "github"
      },
      "original": {
        "owner": "nix-community",
        "repo": "home-manager",
        "type": "github"
      }
    },
    "nixpkgs": {
      "locked": {
        "lastModified": 1788179007,
        "narHash": "sha256-hn1oU2rue2SYK8dAr8+WNZWtbsz1S2W5mnHlSEuh3bo=",
        "owner": "NixOS",
        "repo": "nixpkgs",
        "rev": "34ab99075ac4f7e40cf037eef32cb1c360bb85e9",
        "type": "github"
      },
      "original": {
        "owner": "NixOS",
        "ref": "nixos-unstable",
        "repo": "nixpkgs",
        "type": "github"
      }
    },
    "root": {
      "inputs": {
        "home-manager": "home-manager",
        "nixpkgs": "nixpkgs",
        "thattem-home-manager-options": "thattem-home-manager-options",
        "thattem-nixpkgs-overlays": "thattem-nixpkgs-overlays"
      }
    },
    "thattem-home-manager-options": {
      "inputs": {
        "thattem-nixos-options": "thattem-nixos-options"
      },
      "locked": {
        "lastModified": 1788408996,
        "narHash": "sha256-3sANhj8LKAkhWyaMai5ET+51Cv3kzzyfP9LQc+YVpSM=",
        "owner": "thattemperature",
        "repo": "thattem-home-manager-options",
        "rev": "e7851e4c32685bab0b59a5ab5533c54ee7224f69",
        "type": "github"
      },
      "original": {
        "owner": "thattemperature",
        "repo": "thattem-home-manager-options",
        "type": "github"
      }
    },
    "thattem-nixos-options": {
      "locked": {
        "lastModified": 1788408904,
        "narHash": "sha256-j6rOJOHFyemnAc21le4ZsDx8wg5LOgCVRyGj2D3LwOU=",
        "owner": "thattemperature",
        "repo": "thattem-nixos-options",
        "rev": "af82d48f3ceb8129155bafabeb2f8b648d656a24",
        "type": "github"
      },
      "original": {
        "owner": "thattemperature",
        "repo": "thattem-nixos-options",
        "type": "github"
      }
    },
    "thattem-nixpkgs-overlays": {
      "locked": {
        "lastModified": 1787981381,
        "narHash": "sha256-H/LATrz9yAbyqoZfeYzzEmXLnPCr1sVff12LaIwheEk=",
        "owner": "thattemperature",
        "repo": "thattem-nixpkgs-overlays",
        "rev": "2cbb960c3d3e35435265d61b0fa5d1b607debe7a",
        "type": "github"
      },
      "original": {
        "owner": "thattemperature",
        "repo": "thattem-nixpkgs-overlays",
        "type": "github"
      }
    }
  },
  "root": "root",
  "version": 7
}
