{
  "nodes": {
    "home-manager": {
      "inputs": {
        "nixpkgs": [
          "nixpkgs"
        ]
      },
      "locked": {
        "lastModified": 1780370888,
        "narHash": "sha256-PRJj9RKTEf/sITycujP1c/BrvLJKMYXzcpwTsXNulXQ=",
        "owner": "nix-community",
        "repo": "home-manager",
        "rev": "a7a415883195ffbd4dabec8f098f201e6eaaadf8",
        "type": "github"
      },
      "original": {
        "owner": "nix-community",
        "repo": "home-manager",
        "type": "github"
      }
    },
    "nixpkgs": {
      "locked": {
        "lastModified": 1780243769,
        "narHash": "sha256-x5UQuRsH3MqI0U9afaXSNqzTPSeZlRLvFAav2Ux1pNw=",
        "owner": "NixOS",
        "repo": "nixpkgs",
        "rev": "331800de5053fcebacf6813adb5db9c9dca22a0c",
        "type": "github"
      },
      "original": {
        "owner": "NixOS",
        "ref": "nixos-unstable",
        "repo": "nixpkgs",
        "type": "github"
      }
    },
    "root": {
      "inputs": {
        "home-manager": "home-manager",
        "nixpkgs": "nixpkgs",
        "thattem-home-manager-options": "thattem-home-manager-options",
        "thattem-nixpkgs-overlays": "thattem-nixpkgs-overlays"
      }
    },
    "thattem-home-manager-options": {
      "inputs": {
        "thattem-nixos-options": "thattem-nixos-options"
      },
      "locked": {
        "lastModified": 1780403970,
        "narHash": "sha256-2dQnfVReruGLT/X6ENQagSGavSGc7Up8V542rUUGERo=",
        "owner": "thattemperature",
        "repo": "thattem-home-manager-options",
        "rev": "1811290d4490dfa91cccac9ca0302955da4a8400",
        "type": "github"
      },
      "original": {
        "owner": "thattemperature",
        "repo": "thattem-home-manager-options",
        "type": "github"
      }
    },
    "thattem-nixos-options": {
      "locked": {
        "lastModified": 1780403785,
        "narHash": "sha256-w+vSQzMmNZCv1JbT00DvUW8LimRuA/nygLOxGVVaD8A=",
        "owner": "thattemperature",
        "repo": "thattem-nixos-options",
        "rev": "3a15c5474fec59554455886d49b30730ee6520cd",
        "type": "github"
      },
      "original": {
        "owner": "thattemperature",
        "repo": "thattem-nixos-options",
        "type": "github"
      }
    },
    "thattem-nixpkgs-overlays": {
      "locked": {
        "lastModified": 1780030867,
        "narHash": "sha256-xu//n+BcsejNmqTEEb8JEmoEdm10rfVRx3cSuVBPMg4=",
        "owner": "thattemperature",
        "repo": "thattem-nixpkgs-overlays",
        "rev": "b5e3fc43dd2a46f5ff33321b6b691afaef408b4b",
        "type": "github"
      },
      "original": {
        "owner": "thattemperature",
        "repo": "thattem-nixpkgs-overlays",
        "type": "github"
      }
    }
  },
  "root": "root",
  "version": 7
}
