{
  "nodes": {
    "home-manager": {
      "inputs": {
        "nixpkgs": [
          "nixpkgs"
        ]
      },
      "locked": {
        "lastModified": 1779726696,
        "narHash": "sha256-/p37CB5n6Wpw250b0Lq0CYwNq2D8uGKzDoBulyLcQqA=",
        "owner": "nix-community",
        "repo": "home-manager",
        "rev": "1a95e2efb477959b70b4a14c51035975c0481df6",
        "type": "github"
      },
      "original": {
        "owner": "nix-community",
        "repo": "home-manager",
        "type": "github"
      }
    },
    "nixpkgs": {
      "locked": {
        "lastModified": 1779560665,
        "narHash": "sha256-tpyBcxPpcQb8ukyNF7DoCwfSY3VPsxHoYwj00Cayv5o=",
        "owner": "NixOS",
        "repo": "nixpkgs",
        "rev": "64c08a7ca051951c8eae34e3e3cb1e202fe36786",
        "type": "github"
      },
      "original": {
        "owner": "NixOS",
        "ref": "nixos-unstable",
        "repo": "nixpkgs",
        "type": "github"
      }
    },
    "root": {
      "inputs": {
        "home-manager": "home-manager",
        "nixpkgs": "nixpkgs",
        "thattem-home-manager-options": "thattem-home-manager-options",
        "thattem-nixpkgs-overlays": "thattem-nixpkgs-overlays"
      }
    },
    "thattem-home-manager-options": {
      "inputs": {
        "thattem-nixos-options": "thattem-nixos-options"
      },
      "locked": {
        "lastModified": 1779854656,
        "narHash": "sha256-x8sQQHzywdBfsq87xM4Zia2tnfQw1OljfNh82KD7mag=",
        "owner": "thattemperature",
        "repo": "thattem-home-manager-options",
        "rev": "0835d0058554d64a47e13113ea307ce93db1e459",
        "type": "github"
      },
      "original": {
        "owner": "thattemperature",
        "repo": "thattem-home-manager-options",
        "type": "github"
      }
    },
    "thattem-nixos-options": {
      "locked": {
        "lastModified": 1779852592,
        "narHash": "sha256-PgwhR+TWmzqRgIoa32aKokC2LWNEN5HkNBw1FixSduc=",
        "owner": "thattemperature",
        "repo": "thattem-nixos-options",
        "rev": "634af3f49889c48707597880a0b2aef1ad84722d",
        "type": "github"
      },
      "original": {
        "owner": "thattemperature",
        "repo": "thattem-nixos-options",
        "type": "github"
      }
    },
    "thattem-nixpkgs-overlays": {
      "locked": {
        "lastModified": 1779352067,
        "narHash": "sha256-Kh+62uDUy83lsIpwdMRmCXNvUhCp9MQlg+Bx5Egr8U0=",
        "owner": "thattemperature",
        "repo": "thattem-nixpkgs-overlays",
        "rev": "c588152b3f3534aba858cebbd81c02c2f66655fe",
        "type": "github"
      },
      "original": {
        "owner": "thattemperature",
        "repo": "thattem-nixpkgs-overlays",
        "type": "github"
      }
    }
  },
  "root": "root",
  "version": 7
}
